
Microsoft Visual Studio Solution File, Format Version 12.00
# Visual Studio Version 16
VisualStudioVersion = 25.0.1703.3
MinimumVisualStudioVersion = 10.0.40219.1
Project("{FAE04EC0-301F-11D3-BF4B-00C04F79EFBC}") = "05.SuppliesForSchool", "05.SuppliesForSchool\05.SuppliesForSchool.csproj", "{079BE035-F774-44FA-83A9-DB8B727C3ABE}"
EndProject
Global
	GlobalSection(SolutionConfigurationPlatforms) = preSolution
		Debug|Any CPU = Debug|Any CPU
		Release|Any CPU = Release|Any CPU
	EndGlobalSection
	GlobalSection(ProjectConfigurationPlatforms) = postSolution
		{079BE035-F774-44FA-83A9-DB8B727C3ABE}.Debug|Any CPU.ActiveCfg = Debug|Any CPU
		{079BE035-F774-44FA-83A9-DB8B727C3ABE}.Debug|Any CPU.Build.0 = Debug|Any CPU
		{079BE035-F774-44FA-83A9-DB8B727C3ABE}.Release|Any CPU.ActiveCfg = Release|Any CPU
		{079BE035-F774-44FA-83A9-DB8B727C3ABE}.Release|Any CPU.Build.0 = Release|Any CPU
	EndGlobalSection
	GlobalSection(SolutionProperties) = preSolution
		HideSolutionNode = FALSE
	EndGlobalSection
	GlobalSection(ExtensibilityGlobals) = postSolution
		SolutionGuid = {C67D6D00-39F0-414C-96BF-94680BE2730C}
	EndGlobalSection
EndGlobal
