
Microsoft Visual Studio Solution File, Format Version 12.00
# Visual Studio Version 16
VisualStudioVersion = 25.0.1703.3
MinimumVisualStudioVersion = 10.0.40219.1
Project("{FAE04EC0-301F-11D3-BF4B-00C04F79EFBC}") = "06.Repainting", "06.Repainting\06.Repainting.csproj", "{1D20710D-ED3B-4AA6-B72A-D50ACEC0DD5E}"
EndProject
Global
	GlobalSection(SolutionConfigurationPlatforms) = preSolution
		Debug|Any CPU = Debug|Any CPU
		Release|Any CPU = Release|Any CPU
	EndGlobalSection
	GlobalSection(ProjectConfigurationPlatforms) = postSolution
		{1D20710D-ED3B-4AA6-B72A-D50ACEC0DD5E}.Debug|Any CPU.ActiveCfg = Debug|Any CPU
		{1D20710D-ED3B-4AA6-B72A-D50ACEC0DD5E}.Debug|Any CPU.Build.0 = Debug|Any CPU
		{1D20710D-ED3B-4AA6-B72A-D50ACEC0DD5E}.Release|Any CPU.ActiveCfg = Release|Any CPU
		{1D20710D-ED3B-4AA6-B72A-D50ACEC0DD5E}.Release|Any CPU.Build.0 = Release|Any CPU
	EndGlobalSection
	GlobalSection(SolutionProperties) = preSolution
		HideSolutionNode = FALSE
	EndGlobalSection
	GlobalSection(ExtensibilityGlobals) = postSolution
		SolutionGuid = {7546D5CF-4460-41B5-A9B9-DDEB3FF8427C}
	EndGlobalSection
EndGlobal
